
Microsoft Visual Studio Solution File, Format Version 12.00
Project("{FAE04EC0-301F-11D3-BF4B-00C04F79EFBC}") = "bbst", "bbst\bbst.csproj", "{13E09830-F382-48B6-B248-D235B8AD6E2A}"
EndProject
Global
	GlobalSection(SolutionConfigurationPlatforms) = preSolution
		Debug|Any CPU = Debug|Any CPU
		Release|Any CPU = Release|Any CPU
	EndGlobalSection
	GlobalSection(ProjectConfigurationPlatforms) = postSolution
		{13E09830-F382-48B6-B248-D235B8AD6E2A}.Debug|Any CPU.ActiveCfg = Debug|Any CPU
		{13E09830-F382-48B6-B248-D235B8AD6E2A}.Debug|Any CPU.Build.0 = Debug|Any CPU
		{13E09830-F382-48B6-B248-D235B8AD6E2A}.Release|Any CPU.ActiveCfg = Release|Any CPU
		{13E09830-F382-48B6-B248-D235B8AD6E2A}.Release|Any CPU.Build.0 = Release|Any CPU
	EndGlobalSection
EndGlobal
