
Microsoft Visual Studio Solution File, Format Version 12.00
Project("{FAE04EC0-301F-11D3-BF4B-00C04F79EFBC}") = "pz2", "pz2\pz2.csproj", "{0BD69927-1C8A-47BC-98D8-854D6C0B2E72}"
EndProject
Project("{FAE04EC0-301F-11D3-BF4B-00C04F79EFBC}") = "pz3", "pz3\pz3.csproj", "{DE2BE8EE-ECF2-4688-B0D8-EB2A103F0F2A}"
EndProject
Project("{FAE04EC0-301F-11D3-BF4B-00C04F79EFBC}") = "pz4", "pz4\pz4.csproj", "{D5247033-4295-4A99-A999-ABBA57614CBE}"
EndProject
Global
	GlobalSection(SolutionConfigurationPlatforms) = preSolution
		Debug|Any CPU = Debug|Any CPU
		Release|Any CPU = Release|Any CPU
	EndGlobalSection
	GlobalSection(ProjectConfigurationPlatforms) = postSolution
		{0BD69927-1C8A-47BC-98D8-854D6C0B2E72}.Debug|Any CPU.ActiveCfg = Debug|Any CPU
		{0BD69927-1C8A-47BC-98D8-854D6C0B2E72}.Debug|Any CPU.Build.0 = Debug|Any CPU
		{0BD69927-1C8A-47BC-98D8-854D6C0B2E72}.Release|Any CPU.ActiveCfg = Release|Any CPU
		{0BD69927-1C8A-47BC-98D8-854D6C0B2E72}.Release|Any CPU.Build.0 = Release|Any CPU
		{DE2BE8EE-ECF2-4688-B0D8-EB2A103F0F2A}.Debug|Any CPU.ActiveCfg = Debug|Any CPU
		{DE2BE8EE-ECF2-4688-B0D8-EB2A103F0F2A}.Debug|Any CPU.Build.0 = Debug|Any CPU
		{DE2BE8EE-ECF2-4688-B0D8-EB2A103F0F2A}.Release|Any CPU.ActiveCfg = Release|Any CPU
		{DE2BE8EE-ECF2-4688-B0D8-EB2A103F0F2A}.Release|Any CPU.Build.0 = Release|Any CPU
		{D5247033-4295-4A99-A999-ABBA57614CBE}.Debug|Any CPU.ActiveCfg = Debug|Any CPU
		{D5247033-4295-4A99-A999-ABBA57614CBE}.Debug|Any CPU.Build.0 = Debug|Any CPU
		{D5247033-4295-4A99-A999-ABBA57614CBE}.Release|Any CPU.ActiveCfg = Release|Any CPU
		{D5247033-4295-4A99-A999-ABBA57614CBE}.Release|Any CPU.Build.0 = Release|Any CPU
	EndGlobalSection
EndGlobal
